
Microsoft Visual Studio Solution File, Format Version 12.00
# Visual Studio Version 17
VisualStudioVersion = 17.0.32112.339
MinimumVisualStudioVersion = 10.0.40219.1
Project("{FAE04EC0-301F-11D3-BF4B-00C04F79EFBC}") = "HelloWorld", "HelloWorld.csproj", "{CDE9DA0F-62F6-45A6-8A23-172DCB54C6D2}"
EndProject
Global
	GlobalSection(SolutionConfigurationPlatforms) = preSolution
		Debug|Any CPU = Debug|Any CPU
		Release|Any CPU = Release|Any CPU
	EndGlobalSection
	GlobalSection(ProjectConfigurationPlatforms) = postSolution
		{CDE9DA0F-62F6-45A6-8A23-172DCB54C6D2}.Debug|Any CPU.ActiveCfg = Debug|Any CPU
		{CDE9DA0F-62F6-45A6-8A23-172DCB54C6D2}.Debug|Any CPU.Build.0 = Debug|Any CPU
		{CDE9DA0F-62F6-45A6-8A23-172DCB54C6D2}.Release|Any CPU.ActiveCfg = Release|Any CPU
		{CDE9DA0F-62F6-45A6-8A23-172DCB54C6D2}.Release|Any CPU.Build.0 = Release|Any CPU
	EndGlobalSection
	GlobalSection(SolutionProperties) = preSolution
		HideSolutionNode = FALSE
	EndGlobalSection
	GlobalSection(ExtensibilityGlobals) = postSolution
		SolutionGuid = {499DA30A-18F3-43E8-B952-49ECA25AF929}
	EndGlobalSection
EndGlobal
